// !$*UTF8*$!
{
	archiveVersion = 1;
	classes = {
	};
	objectVersion = 50;
	objects = {

/* Begin PBXBuildFile section */
		44EB197723EFCF0000615D92 /* AppDelegate.swift in Sources */ = {isa = PBXBuildFile; fileRef = 44EB197623EFCF0000615D92 /* AppDelegate.swift */; };
		44EB197B23EFCF2700615D92 /* Assets.xcassets in Resources */ = {isa = PBXBuildFile; fileRef = 44EB197A23EFCF2700615D92 /* Assets.xcassets */; };
		44EB197E23EFCF2700615D92 /* Preview Assets.xcassets in Resources */ = {isa = PBXBuildFile; fileRef = 44EB197D23EFCF2700615D92 /* Preview Assets.xcassets */; };
		44EB198123EFCF2700615D92 /* Main.storyboard in Resources */ = {isa = PBXBuildFile; fileRef = 44EB197F23EFCF2700615D92 /* Main.storyboard */; };
		44EB198D23EFCF2800615D92 /* ActivityTrackerTests.swift in Sources */ = {isa = PBXBuildFile; fileRef = 44EB198C23EFCF2800615D92 /* ActivityTrackerTests.swift */; };
		44EB199823EFCF2800615D92 /* ActivityTrackerUITests.swift in Sources */ = {isa = PBXBuildFile; fileRef = 44EB199723EFCF2800615D92 /* ActivityTrackerUITests.swift */; };
		44EB19A623F3859100615D92 /* MainWindow.swift in Sources */ = {isa = PBXBuildFile; fileRef = 44EB19A523F3859100615D92 /* MainWindow.swift */; };
		44EB19E023F3B47F00615D92 /* UserPreferences.swift in Sources */ = {isa = PBXBuildFile; fileRef = 44EB19DF23F3B47F00615D92 /* UserPreferences.swift */; };
		44EB19E223F507AF00615D92 /* Session.swift in Sources */ = {isa = PBXBuildFile; fileRef = 44EB19E123F507AF00615D92 /* Session.swift */; };
		44EB19E423F509F400615D92 /* ActivityPhase.swift in Sources */ = {isa = PBXBuildFile; fileRef = 44EB19E323F509F400615D92 /* ActivityPhase.swift */; };
		44EB19E823F6690C00615D92 /* ActivityType.swift in Sources */ = {isa = PBXBuildFile; fileRef = 44EB19E723F6690C00615D92 /* ActivityType.swift */; };
		44EB19EA23FB985200615D92 /* PreferenceControl.swift in Sources */ = {isa = PBXBuildFile; fileRef = 44EB19E923FB985200615D92 /* PreferenceControl.swift */; };
/* End PBXBuildFile section */

/* Begin PBXContainerItemProxy section */
		44EB198923EFCF2800615D92 /* PBXContainerItemProxy */ = {
			isa = PBXContainerItemProxy;
			containerPortal = 44EB196B23EFCEFE00615D92 /* Project object */;
			proxyType = 1;
			remoteGlobalIDString = 44EB197223EFCEFE00615D92;
			remoteInfo = ActivityTracker;
		};
		44EB199423EFCF2800615D92 /* PBXContainerItemProxy */ = {
			isa = PBXContainerItemProxy;
			containerPortal = 44EB196B23EFCEFE00615D92 /* Project object */;
			proxyType = 1;
			remoteGlobalIDString = 44EB197223EFCEFE00615D92;
			remoteInfo = ActivityTracker;
		};
/* End PBXContainerItemProxy section */

/* Begin PBXFileReference section */
		44EB197323EFCF0000615D92 /* ActivityTracker.app */ = {isa = PBXFileReference; explicitFileType = wrapper.application; includeInIndex = 0; path = ActivityTracker.app; sourceTree = BUILT_PRODUCTS_DIR; };
		44EB197623EFCF0000615D92 /* AppDelegate.swift */ = {isa = PBXFileReference; lastKnownFileType = sourcecode.swift; path = AppDelegate.swift; sourceTree = "<group>"; };
		44EB197A23EFCF2700615D92 /* Assets.xcassets */ = {isa = PBXFileReference; lastKnownFileType = folder.assetcatalog; path = Assets.xcassets; sourceTree = "<group>"; };
		44EB197D23EFCF2700615D92 /* Preview Assets.xcassets */ = {isa = PBXFileReference; lastKnownFileType = folder.assetcatalog; path = "Preview Assets.xcassets"; sourceTree = "<group>"; };
		44EB198023EFCF2700615D92 /* Base */ = {isa = PBXFileReference; lastKnownFileType = file.storyboard; name = Base; path = Base.lproj/Main.storyboard; sourceTree = "<group>"; };
		44EB198223EFCF2700615D92 /* Info.plist */ = {isa = PBXFileReference; lastKnownFileType = text.plist.xml; path = Info.plist; sourceTree = "<group>"; };
		44EB198323EFCF2700615D92 /* ActivityTracker.entitlements */ = {isa = PBXFileReference; lastKnownFileType = text.plist.entitlements; path = ActivityTracker.entitlements; sourceTree = "<group>"; };
		44EB198823EFCF2800615D92 /* ActivityTrackerTests.xctest */ = {isa = PBXFileReference; explicitFileType = wrapper.cfbundle; includeInIndex = 0; path = ActivityTrackerTests.xctest; sourceTree = BUILT_PRODUCTS_DIR; };
		44EB198C23EFCF2800615D92 /* ActivityTrackerTests.swift */ = {isa = PBXFileReference; lastKnownFileType = sourcecode.swift; path = ActivityTrackerTests.swift; sourceTree = "<group>"; };
		44EB198E23EFCF2800615D92 /* Info.plist */ = {isa = PBXFileReference; lastKnownFileType = text.plist.xml; path = Info.plist; sourceTree = "<group>"; };
		44EB199323EFCF2800615D92 /* ActivityTrackerUITests.xctest */ = {isa = PBXFileReference; explicitFileType = wrapper.cfbundle; includeInIndex = 0; path = ActivityTrackerUITests.xctest; sourceTree = BUILT_PRODUCTS_DIR; };
		44EB199723EFCF2800615D92 /* ActivityTrackerUITests.swift */ = {isa = PBXFileReference; lastKnownFileType = sourcecode.swift; path = ActivityTrackerUITests.swift; sourceTree = "<group>"; };
		44EB199923EFCF2800615D92 /* Info.plist */ = {isa = PBXFileReference; lastKnownFileType = text.plist.xml; path = Info.plist; sourceTree = "<group>"; };
		44EB19A523F3859100615D92 /* MainWindow.swift */ = {isa = PBXFileReference; lastKnownFileType = sourcecode.swift; path = MainWindow.swift; sourceTree = "<group>"; };
		44EB19DF23F3B47F00615D92 /* UserPreferences.swift */ = {isa = PBXFileReference; lastKnownFileType = sourcecode.swift; path = UserPreferences.swift; sourceTree = "<group>"; };
		44EB19E123F507AF00615D92 /* Session.swift */ = {isa = PBXFileReference; lastKnownFileType = sourcecode.swift; path = Session.swift; sourceTree = "<group>"; };
		44EB19E323F509F400615D92 /* ActivityPhase.swift */ = {isa = PBXFileReference; lastKnownFileType = sourcecode.swift; path = ActivityPhase.swift; sourceTree = "<group>"; };
		44EB19E723F6690C00615D92 /* ActivityType.swift */ = {isa = PBXFileReference; lastKnownFileType = sourcecode.swift; path = ActivityType.swift; sourceTree = "<group>"; };
		44EB19E923FB985200615D92 /* PreferenceControl.swift */ = {isa = PBXFileReference; lastKnownFileType = sourcecode.swift; path = PreferenceControl.swift; sourceTree = "<group>"; };
/* End PBXFileReference section */

/* Begin PBXFrameworksBuildPhase section */
		44EB197023EFCEFE00615D92 /* Frameworks */ = {
			isa = PBXFrameworksBuildPhase;
			buildActionMask = 2147483647;
			files = (
			);
			runOnlyForDeploymentPostprocessing = 0;
		};
		44EB198523EFCF2800615D92 /* Frameworks */ = {
			isa = PBXFrameworksBuildPhase;
			buildActionMask = 2147483647;
			files = (
			);
			runOnlyForDeploymentPostprocessing = 0;
		};
		44EB199023EFCF2800615D92 /* Frameworks */ = {
			isa = PBXFrameworksBuildPhase;
			buildActionMask = 2147483647;
			files = (
			);
			runOnlyForDeploymentPostprocessing = 0;
		};
/* End PBXFrameworksBuildPhase section */

/* Begin PBXGroup section */
		44EB196A23EFCEFE00615D92 = {
			isa = PBXGroup;
			children = (
				44EB197523EFCF0000615D92 /* ActivityTracker */,
				44EB198B23EFCF2800615D92 /* ActivityTrackerTests */,
				44EB199623EFCF2800615D92 /* ActivityTrackerUITests */,
				44EB197423EFCF0000615D92 /* Products */,
			);
			sourceTree = "<group>";
		};
		44EB197423EFCF0000615D92 /* Products */ = {
			isa = PBXGroup;
			children = (
				44EB197323EFCF0000615D92 /* ActivityTracker.app */,
				44EB198823EFCF2800615D92 /* ActivityTrackerTests.xctest */,
				44EB199323EFCF2800615D92 /* ActivityTrackerUITests.xctest */,
			);
			name = Products;
			sourceTree = "<group>";
		};
		44EB197523EFCF0000615D92 /* ActivityTracker */ = {
			isa = PBXGroup;
			children = (
				44EB197623EFCF0000615D92 /* AppDelegate.swift */,
				44EB197A23EFCF2700615D92 /* Assets.xcassets */,
				44EB197F23EFCF2700615D92 /* Main.storyboard */,
				44EB198223EFCF2700615D92 /* Info.plist */,
				44EB198323EFCF2700615D92 /* ActivityTracker.entitlements */,
				44EB197C23EFCF2700615D92 /* Preview Content */,
				44EB19A523F3859100615D92 /* MainWindow.swift */,
				44EB19DF23F3B47F00615D92 /* UserPreferences.swift */,
				44EB19E123F507AF00615D92 /* Session.swift */,
				44EB19E323F509F400615D92 /* ActivityPhase.swift */,
				44EB19E723F6690C00615D92 /* ActivityType.swift */,
				44EB19E923FB985200615D92 /* PreferenceControl.swift */,
			);
			path = ActivityTracker;
			sourceTree = "<group>";
		};
		44EB197C23EFCF2700615D92 /* Preview Content */ = {
			isa = PBXGroup;
			children = (
				44EB197D23EFCF2700615D92 /* Preview Assets.xcassets */,
			);
			path = "Preview Content";
			sourceTree = "<group>";
		};
		44EB198B23EFCF2800615D92 /* ActivityTrackerTests */ = {
			isa = PBXGroup;
			children = (
				44EB198C23EFCF2800615D92 /* ActivityTrackerTests.swift */,
				44EB198E23EFCF2800615D92 /* Info.plist */,
			);
			path = ActivityTrackerTests;
			sourceTree = "<group>";
		};
		44EB199623EFCF2800615D92 /* ActivityTrackerUITests */ = {
			isa = PBXGroup;
			children = (
				44EB199723EFCF2800615D92 /* ActivityTrackerUITests.swift */,
				44EB199923EFCF2800615D92 /* Info.plist */,
			);
			path = ActivityTrackerUITests;
			sourceTree = "<group>";
		};
/* End PBXGroup section */

/* Begin PBXNativeTarget section */
		44EB197223EFCEFE00615D92 /* ActivityTracker */ = {
			isa = PBXNativeTarget;
			buildConfigurationList = 44EB199C23EFCF2800615D92 /* Build configuration list for PBXNativeTarget "ActivityTracker" */;
			buildPhases = (
				44EB196F23EFCEFE00615D92 /* Sources */,
				44EB197023EFCEFE00615D92 /* Frameworks */,
				44EB197123EFCEFE00615D92 /* Resources */,
			);
			buildRules = (
			);
			dependencies = (
			);
			name = ActivityTracker;
			productName = ActivityTracker;
			productReference = 44EB197323EFCF0000615D92 /* ActivityTracker.app */;
			productType = "com.apple.product-type.application";
		};
		44EB198723EFCF2800615D92 /* ActivityTrackerTests */ = {
			isa = PBXNativeTarget;
			buildConfigurationList = 44EB199F23EFCF2800615D92 /* Build configuration list for PBXNativeTarget "ActivityTrackerTests" */;
			buildPhases = (
				44EB198423EFCF2800615D92 /* Sources */,
				44EB198523EFCF2800615D92 /* Frameworks */,
				44EB198623EFCF2800615D92 /* Resources */,
			);
			buildRules = (
			);
			dependencies = (
				44EB198A23EFCF2800615D92 /* PBXTargetDependency */,
			);
			name = ActivityTrackerTests;
			productName = ActivityTrackerTests;
			productReference = 44EB198823EFCF2800615D92 /* ActivityTrackerTests.xctest */;
			productType = "com.apple.product-type.bundle.unit-test";
		};
		44EB199223EFCF2800615D92 /* ActivityTrackerUITests */ = {
			isa = PBXNativeTarget;
			buildConfigurationList = 44EB19A223EFCF2800615D92 /* Build configuration list for PBXNativeTarget "ActivityTrackerUITests" */;
			buildPhases = (
				44EB198F23EFCF2800615D92 /* Sources */,
				44EB199023EFCF2800615D92 /* Frameworks */,
				44EB199123EFCF2800615D92 /* Resources */,
			);
			buildRules = (
			);
			dependencies = (
				44EB199523EFCF2800615D92 /* PBXTargetDependency */,
			);
			name = ActivityTrackerUITests;
			productName = ActivityTrackerUITests;
			productReference = 44EB199323EFCF2800615D92 /* ActivityTrackerUITests.xctest */;
			productType = "com.apple.product-type.bundle.ui-testing";
		};
/* End PBXNativeTarget section */

/* Begin PBXProject section */
		44EB196B23EFCEFE00615D92 /* Project object */ = {
			isa = PBXProject;
			attributes = {
				LastSwiftUpdateCheck = 1130;
				LastUpgradeCheck = 1130;
				ORGANIZATIONNAME = "Will Anderson";
				TargetAttributes = {
					44EB197223EFCEFE00615D92 = {
						CreatedOnToolsVersion = 11.3.1;
					};
					44EB198723EFCF2800615D92 = {
						CreatedOnToolsVersion = 11.3.1;
						TestTargetID = 44EB197223EFCEFE00615D92;
					};
					44EB199223EFCF2800615D92 = {
						CreatedOnToolsVersion = 11.3.1;
						TestTargetID = 44EB197223EFCEFE00615D92;
					};
				};
			};
			buildConfigurationList = 44EB196E23EFCEFE00615D92 /* Build configuration list for PBXProject "ActivityTracker" */;
			compatibilityVersion = "Xcode 9.3";
			developmentRegion = en;
			hasScannedForEncodings = 0;
			knownRegions = (
				en,
				Base,
			);
			mainGroup = 44EB196A23EFCEFE00615D92;
			productRefGroup = 44EB197423EFCF0000615D92 /* Products */;
			projectDirPath = "";
			projectRoot = "";
			targets = (
				44EB197223EFCEFE00615D92 /* ActivityTracker */,
				44EB198723EFCF2800615D92 /* ActivityTrackerTests */,
				44EB199223EFCF2800615D92 /* ActivityTrackerUITests */,
			);
		};
/* End PBXProject section */

/* Begin PBXResourcesBuildPhase section */
		44EB197123EFCEFE00615D92 /* Resources */ = {
			isa = PBXResourcesBuildPhase;
			buildActionMask = 2147483647;
			files = (
				44EB198123EFCF2700615D92 /* Main.storyboard in Resources */,
				44EB197E23EFCF2700615D92 /* Preview Assets.xcassets in Resources */,
				44EB197B23EFCF2700615D92 /* Assets.xcassets in Resources */,
			);
			runOnlyForDeploymentPostprocessing = 0;
		};
		44EB198623EFCF2800615D92 /* Resources */ = {
			isa = PBXResourcesBuildPhase;
			buildActionMask = 2147483647;
			files = (
			);
			runOnlyForDeploymentPostprocessing = 0;
		};
		44EB199123EFCF2800615D92 /* Resources */ = {
			isa = PBXResourcesBuildPhase;
			buildActionMask = 2147483647;
			files = (
			);
			runOnlyForDeploymentPostprocessing = 0;
		};
/* End PBXResourcesBuildPhase section */

/* Begin PBXSourcesBuildPhase section */
		44EB196F23EFCEFE00615D92 /* Sources */ = {
			isa = PBXSourcesBuildPhase;
			buildActionMask = 2147483647;
			files = (
				44EB19E423F509F400615D92 /* ActivityPhase.swift in Sources */,
				44EB19E223F507AF00615D92 /* Session.swift in Sources */,
				44EB19A623F3859100615D92 /* MainWindow.swift in Sources */,
				44EB19E023F3B47F00615D92 /* UserPreferences.swift in Sources */,
				44EB19EA23FB985200615D92 /* PreferenceControl.swift in Sources */,
				44EB19E823F6690C00615D92 /* ActivityType.swift in Sources */,
				44EB197723EFCF0000615D92 /* AppDelegate.swift in Sources */,
			);
			runOnlyForDeploymentPostprocessing = 0;
		};
		44EB198423EFCF2800615D92 /* Sources */ = {
			isa = PBXSourcesBuildPhase;
			buildActionMask = 2147483647;
			files = (
				44EB198D23EFCF2800615D92 /* ActivityTrackerTests.swift in Sources */,
			);
			runOnlyForDeploymentPostprocessing = 0;
		};
		44EB198F23EFCF2800615D92 /* Sources */ = {
			isa = PBXSourcesBuildPhase;
			buildActionMask = 2147483647;
			files = (
				44EB199823EFCF2800615D92 /* ActivityTrackerUITests.swift in Sources */,
			);
			runOnlyForDeploymentPostprocessing = 0;
		};
/* End PBXSourcesBuildPhase section */

/* Begin PBXTargetDependency section */
		44EB198A23EFCF2800615D92 /* PBXTargetDependency */ = {
			isa = PBXTargetDependency;
			target = 44EB197223EFCEFE00615D92 /* ActivityTracker */;
			targetProxy = 44EB198923EFCF2800615D92 /* PBXContainerItemProxy */;
		};
		44EB199523EFCF2800615D92 /* PBXTargetDependency */ = {
			isa = PBXTargetDependency;
			target = 44EB197223EFCEFE00615D92 /* ActivityTracker */;
			targetProxy = 44EB199423EFCF2800615D92 /* PBXContainerItemProxy */;
		};
/* End PBXTargetDependency section */

/* Begin PBXVariantGroup section */
		44EB197F23EFCF2700615D92 /* Main.storyboard */ = {
			isa = PBXVariantGroup;
			children = (
				44EB198023EFCF2700615D92 /* Base */,
			);
			name = Main.storyboard;
			sourceTree = "<group>";
		};
/* End PBXVariantGroup section */

/* Begin XCBuildConfiguration section */
		44EB199A23EFCF2800615D92 /* Debug */ = {
			isa = XCBuildConfiguration;
			buildSettings = {
				ALWAYS_SEARCH_USER_PATHS = NO;
				CLANG_ANALYZER_NONNULL = YES;
				CLANG_ANALYZER_NUMBER_OBJECT_CONVERSION = YES_AGGRESSIVE;
				CLANG_CXX_LANGUAGE_STANDARD = "gnu++14";
				CLANG_CXX_LIBRARY = "libc++";
				CLANG_ENABLE_MODULES = YES;
				CLANG_ENABLE_OBJC_ARC = YES;
				CLANG_ENABLE_OBJC_WEAK = YES;
				CLANG_WARN_BLOCK_CAPTURE_AUTORELEASING = YES;
				CLANG_WARN_BOOL_CONVERSION = YES;
				CLANG_WARN_COMMA = YES;
				CLANG_WARN_CONSTANT_CONVERSION = YES;
				CLANG_WARN_DEPRECATED_OBJC_IMPLEMENTATIONS = YES;
				CLANG_WARN_DIRECT_OBJC_ISA_USAGE = YES_ERROR;
				CLANG_WARN_DOCUMENTATION_COMMENTS = YES;
				CLANG_WARN_EMPTY_BODY = YES;
				CLANG_WARN_ENUM_CONVERSION = YES;
				CLANG_WARN_INFINITE_RECURSION = YES;
				CLANG_WARN_INT_CONVERSION = YES;
				CLANG_WARN_NON_LITERAL_NULL_CONVERSION = YES;
				CLANG_WARN_OBJC_IMPLICIT_RETAIN_SELF = YES;
				CLANG_WARN_OBJC_LITERAL_CONVERSION = YES;
				CLANG_WARN_OBJC_ROOT_CLASS = YES_ERROR;
				CLANG_WARN_RANGE_LOOP_ANALYSIS = YES;
				CLANG_WARN_STRICT_PROTOTYPES = YES;
				CLANG_WARN_SUSPICIOUS_MOVE = YES;
				CLANG_WARN_UNGUARDED_AVAILABILITY = YES_AGGRESSIVE;
				CLANG_WARN_UNREACHABLE_CODE = YES;
				CLANG_WARN__DUPLICATE_METHOD_MATCH = YES;
				COPY_PHASE_STRIP = NO;
				DEBUG_INFORMATION_FORMAT = dwarf;
				ENABLE_STRICT_OBJC_MSGSEND = YES;
				ENABLE_TESTABILITY = YES;
				GCC_C_LANGUAGE_STANDARD = gnu11;
				GCC_DYNAMIC_NO_PIC = NO;
				GCC_NO_COMMON_BLOCKS = YES;
				GCC_OPTIMIZATION_LEVEL = 0;
				GCC_PREPROCESSOR_DEFINITIONS = (
					"DEBUG=1",
					"$(inherited)",
				);
				GCC_WARN_64_TO_32_BIT_CONVERSION = YES;
				GCC_WARN_ABOUT_RETURN_TYPE = YES_ERROR;
				GCC_WARN_UNDECLARED_SELECTOR = YES;
				GCC_WARN_UNINITIALIZED_AUTOS = YES_AGGRESSIVE;
				GCC_WARN_UNUSED_FUNCTION = YES;
				GCC_WARN_UNUSED_VARIABLE = YES;
				MACOSX_DEPLOYMENT_TARGET = 10.15;
				MTL_ENABLE_DEBUG_INFO = INCLUDE_SOURCE;
				MTL_FAST_MATH = YES;
				ONLY_ACTIVE_ARCH = YES;
				SDKROOT = macosx;
				SWIFT_ACTIVE_COMPILATION_CONDITIONS = DEBUG;
				SWIFT_OPTIMIZATION_LEVEL = "-Onone";
			};
			name = Debug;
		};
		44EB199B23EFCF2800615D92 /* Release */ = {
			isa = XCBuildConfiguration;
			buildSettings = {
				ALWAYS_SEARCH_USER_PATHS = NO;
				CLANG_ANALYZER_NONNULL = YES;
				CLANG_ANALYZER_NUMBER_OBJECT_CONVERSION = YES_AGGRESSIVE;
				CLANG_CXX_LANGUAGE_STANDARD = "gnu++14";
				CLANG_CXX_LIBRARY = "libc++";
				CLANG_ENABLE_MODULES = YES;
				CLANG_ENABLE_OBJC_ARC = YES;
				CLANG_ENABLE_OBJC_WEAK = YES;
				CLANG_WARN_BLOCK_CAPTURE_AUTORELEASING = YES;
				CLANG_WARN_BOOL_CONVERSION = YES;
				CLANG_WARN_COMMA = YES;
				CLANG_WARN_CONSTANT_CONVERSION = YES;
				CLANG_WARN_DEPRECATED_OBJC_IMPLEMENTATIONS = YES;
				CLANG_WARN_DIRECT_OBJC_ISA_USAGE = YES_ERROR;
				CLANG_WARN_DOCUMENTATION_COMMENTS = YES;
				CLANG_WARN_EMPTY_BODY = YES;
				CLANG_WARN_ENUM_CONVERSION = YES;
				CLANG_WARN_INFINITE_RECURSION = YES;
				CLANG_WARN_INT_CONVERSION = YES;
				CLANG_WARN_NON_LITERAL_NULL_CONVERSION = YES;
				CLANG_WARN_OBJC_IMPLICIT_RETAIN_SELF = YES;
				CLANG_WARN_OBJC_LITERAL_CONVERSION = YES;
				CLANG_WARN_OBJC_ROOT_CLASS = YES_ERROR;
				CLANG_WARN_RANGE_LOOP_ANALYSIS = YES;
				CLANG_WARN_STRICT_PROTOTYPES = YES;
				CLANG_WARN_SUSPICIOUS_MOVE = YES;
				CLANG_WARN_UNGUARDED_AVAILABILITY = YES_AGGRESSIVE;
				CLANG_WARN_UNREACHABLE_CODE = YES;
				CLANG_WARN__DUPLICATE_METHOD_MATCH = YES;
				COPY_PHASE_STRIP = NO;
				DEBUG_INFORMATION_FORMAT = "dwarf-with-dsym";
				ENABLE_NS_ASSERTIONS = NO;
				ENABLE_STRICT_OBJC_MSGSEND = YES;
				GCC_C_LANGUAGE_STANDARD = gnu11;
				GCC_NO_COMMON_BLOCKS = YES;
				GCC_WARN_64_TO_32_BIT_CONVERSION = YES;
				GCC_WARN_ABOUT_RETURN_TYPE = YES_ERROR;
				GCC_WARN_UNDECLARED_SELECTOR = YES;
				GCC_WARN_UNINITIALIZED_AUTOS = YES_AGGRESSIVE;
				GCC_WARN_UNUSED_FUNCTION = YES;
				GCC_WARN_UNUSED_VARIABLE = YES;
				MACOSX_DEPLOYMENT_TARGET = 10.15;
				MTL_ENABLE_DEBUG_INFO = NO;
				MTL_FAST_MATH = YES;
				SDKROOT = macosx;
				SWIFT_COMPILATION_MODE = wholemodule;
				SWIFT_OPTIMIZATION_LEVEL = "-O";
			};
			name = Release;
		};
		44EB199D23EFCF2800615D92 /* Debug */ = {
			isa = XCBuildConfiguration;
			buildSettings = {
				ASSETCATALOG_COMPILER_APPICON_NAME = AppIcon;
				CODE_SIGN_ENTITLEMENTS = ActivityTracker/ActivityTracker.entitlements;
				CODE_SIGN_IDENTITY = "Apple Development";
				CODE_SIGN_STYLE = Automatic;
				COMBINE_HIDPI_IMAGES = YES;
				DEVELOPMENT_ASSET_PATHS = "\"ActivityTracker/Preview Content\"";
				DEVELOPMENT_TEAM = FZ5KD65M5H;
				ENABLE_PREVIEWS = YES;
				INFOPLIST_FILE = ActivityTracker/Info.plist;
				LD_RUNPATH_SEARCH_PATHS = (
					"$(inherited)",
					"@executable_path/../Frameworks",
				);
				MACOSX_DEPLOYMENT_TARGET = 10.15;
				PRODUCT_BUNDLE_IDENTIFIER = willAnderson.ActivityTracker;
				PRODUCT_NAME = "$(TARGET_NAME)";
				SWIFT_VERSION = 5.0;
			};
			name = Debug;
		};
		44EB199E23EFCF2800615D92 /* Release */ = {
			isa = XCBuildConfiguration;
			buildSettings = {
				ASSETCATALOG_COMPILER_APPICON_NAME = AppIcon;
				CODE_SIGN_ENTITLEMENTS = ActivityTracker/ActivityTracker.entitlements;
				CODE_SIGN_IDENTITY = "Apple Development";
				CODE_SIGN_STYLE = Automatic;
				COMBINE_HIDPI_IMAGES = YES;
				DEVELOPMENT_ASSET_PATHS = "\"ActivityTracker/Preview Content\"";
				DEVELOPMENT_TEAM = FZ5KD65M5H;
				ENABLE_PREVIEWS = YES;
				INFOPLIST_FILE = ActivityTracker/Info.plist;
				LD_RUNPATH_SEARCH_PATHS = (
					"$(inherited)",
					"@executable_path/../Frameworks",
				);
				MACOSX_DEPLOYMENT_TARGET = 10.15;
				PRODUCT_BUNDLE_IDENTIFIER = willAnderson.ActivityTracker;
				PRODUCT_NAME = "$(TARGET_NAME)";
				SWIFT_VERSION = 5.0;
			};
			name = Release;
		};
		44EB19A023EFCF2800615D92 /* Debug */ = {
			isa = XCBuildConfiguration;
			buildSettings = {
				ALWAYS_EMBED_SWIFT_STANDARD_LIBRARIES = YES;
				BUNDLE_LOADER = "$(TEST_HOST)";
				CODE_SIGN_STYLE = Automatic;
				COMBINE_HIDPI_IMAGES = YES;
				INFOPLIST_FILE = ActivityTrackerTests/Info.plist;
				LD_RUNPATH_SEARCH_PATHS = (
					"$(inherited)",
					"@executable_path/../Frameworks",
					"@loader_path/../Frameworks",
				);
				MACOSX_DEPLOYMENT_TARGET = 10.15;
				PRODUCT_BUNDLE_IDENTIFIER = willAnderson.ActivityTrackerTests;
				PRODUCT_NAME = "$(TARGET_NAME)";
				SWIFT_VERSION = 5.0;
				TEST_HOST = "$(BUILT_PRODUCTS_DIR)/ActivityTracker.app/Contents/MacOS/ActivityTracker";
			};
			name = Debug;
		};
		44EB19A123EFCF2800615D92 /* Release */ = {
			isa = XCBuildConfiguration;
			buildSettings = {
				ALWAYS_EMBED_SWIFT_STANDARD_LIBRARIES = YES;
				BUNDLE_LOADER = "$(TEST_HOST)";
				CODE_SIGN_STYLE = Automatic;
				COMBINE_HIDPI_IMAGES = YES;
				INFOPLIST_FILE = ActivityTrackerTests/Info.plist;
				LD_RUNPATH_SEARCH_PATHS = (
					"$(inherited)",
					"@executable_path/../Frameworks",
					"@loader_path/../Frameworks",
				);
				MACOSX_DEPLOYMENT_TARGET = 10.15;
				PRODUCT_BUNDLE_IDENTIFIER = willAnderson.ActivityTrackerTests;
				PRODUCT_NAME = "$(TARGET_NAME)";
				SWIFT_VERSION = 5.0;
				TEST_HOST = "$(BUILT_PRODUCTS_DIR)/ActivityTracker.app/Contents/MacOS/ActivityTracker";
			};
			name = Release;
		};
		44EB19A323EFCF2800615D92 /* Debug */ = {
			isa = XCBuildConfiguration;
			buildSettings = {
				ALWAYS_EMBED_SWIFT_STANDARD_LIBRARIES = YES;
				CODE_SIGN_STYLE = Automatic;
				COMBINE_HIDPI_IMAGES = YES;
				INFOPLIST_FILE = ActivityTrackerUITests/Info.plist;
				LD_RUNPATH_SEARCH_PATHS = (
					"$(inherited)",
					"@executable_path/../Frameworks",
					"@loader_path/../Frameworks",
				);
				PRODUCT_BUNDLE_IDENTIFIER = willAnderson.ActivityTrackerUITests;
				PRODUCT_NAME = "$(TARGET_NAME)";
				SWIFT_VERSION = 5.0;
				TEST_TARGET_NAME = ActivityTracker;
			};
			name = Debug;
		};
		44EB19A423EFCF2800615D92 /* Release */ = {
			isa = XCBuildConfiguration;
			buildSettings = {
				ALWAYS_EMBED_SWIFT_STANDARD_LIBRARIES = YES;
				CODE_SIGN_STYLE = Automatic;
				COMBINE_HIDPI_IMAGES = YES;
				INFOPLIST_FILE = ActivityTrackerUITests/Info.plist;
				LD_RUNPATH_SEARCH_PATHS = (
					"$(inherited)",
					"@executable_path/../Frameworks",
					"@loader_path/../Frameworks",
				);
				PRODUCT_BUNDLE_IDENTIFIER = willAnderson.ActivityTrackerUITests;
				PRODUCT_NAME = "$(TARGET_NAME)";
				SWIFT_VERSION = 5.0;
				TEST_TARGET_NAME = ActivityTracker;
			};
			name = Release;
		};
/* End XCBuildConfiguration section */

/* Begin XCConfigurationList section */
		44EB196E23EFCEFE00615D92 /* Build configuration list for PBXProject "ActivityTracker" */ = {
			isa = XCConfigurationList;
			buildConfigurations = (
				44EB199A23EFCF2800615D92 /* Debug */,
				44EB199B23EFCF2800615D92 /* Release */,
			);
			defaultConfigurationIsVisible = 0;
			defaultConfigurationName = Release;
		};
		44EB199C23EFCF2800615D92 /* Build configuration list for PBXNativeTarget "ActivityTracker" */ = {
			isa = XCConfigurationList;
			buildConfigurations = (
				44EB199D23EFCF2800615D92 /* Debug */,
				44EB199E23EFCF2800615D92 /* Release */,
			);
			defaultConfigurationIsVisible = 0;
			defaultConfigurationName = Release;
		};
		44EB199F23EFCF2800615D92 /* Build configuration list for PBXNativeTarget "ActivityTrackerTests" */ = {
			isa = XCConfigurationList;
			buildConfigurations = (
				44EB19A023EFCF2800615D92 /* Debug */,
				44EB19A123EFCF2800615D92 /* Release */,
			);
			defaultConfigurationIsVisible = 0;
			defaultConfigurationName = Release;
		};
		44EB19A223EFCF2800615D92 /* Build configuration list for PBXNativeTarget "ActivityTrackerUITests" */ = {
			isa = XCConfigurationList;
			buildConfigurations = (
				44EB19A323EFCF2800615D92 /* Debug */,
				44EB19A423EFCF2800615D92 /* Release */,
			);
			defaultConfigurationIsVisible = 0;
			defaultConfigurationName = Release;
		};
/* End XCConfigurationList section */
	};
	rootObject = 44EB196B23EFCEFE00615D92 /* Project object */;
}
